
Microsoft Visual Studio Solution File, Format Version 12.00
# Visual Studio 15
VisualStudioVersion = 15.0.28010.2003
MinimumVisualStudioVersion = 10.0.40219.1
Project("{FAE04EC0-301F-11D3-BF4B-00C04F79EFBC}") = "RazorPagesMovie", "RazorPagesMovie\RazorPagesMovie.csproj", "{B63A4513-72D4-450D-BE7D-98770BE98DD1}"
EndProject
Global
	GlobalSection(SolutionConfigurationPlatforms) = preSolution
		Debug|Any CPU = Debug|Any CPU
		Release|Any CPU = Release|Any CPU
	EndGlobalSection
	GlobalSection(ProjectConfigurationPlatforms) = postSolution
		{B63A4513-72D4-450D-BE7D-98770BE98DD1}.Debug|Any CPU.ActiveCfg = Debug|Any CPU
		{B63A4513-72D4-450D-BE7D-98770BE98DD1}.Debug|Any CPU.Build.0 = Debug|Any CPU
		{B63A4513-72D4-450D-BE7D-98770BE98DD1}.Release|Any CPU.ActiveCfg = Release|Any CPU
		{B63A4513-72D4-450D-BE7D-98770BE98DD1}.Release|Any CPU.Build.0 = Release|Any CPU
	EndGlobalSection
	GlobalSection(SolutionProperties) = preSolution
		HideSolutionNode = FALSE
	EndGlobalSection
	GlobalSection(ExtensibilityGlobals) = postSolution
		SolutionGuid = {B920C38F-5F6A-4301-B7DC-B8589EE2DBD1}
	EndGlobalSection
EndGlobal
